<?xml version="1.0" encoding="utf-8"?>
<Project ToolsVersion="4.0" xmlns="http://schemas.microsoft.com/developer/msbuild/2003">
  <ItemGroup>
    <Filter Include="源文件">
      <UniqueIdentifier>{4FC737F1-C7A5-4376-A066-2A32D752A2FF}</UniqueIdentifier>
      <Extensions>cpp;c;cc;cxx;def;odl;idl;hpj;bat;asm;asmx</Extensions>
    </Filter>
    <Filter Include="头文件">
      <UniqueIdentifier>{93995380-89BD-4b04-88EB-625FBE52EBFB}</UniqueIdentifier>
      <Extensions>h;hpp;hxx;hm;inl;inc;xsd</Extensions>
    </Filter>
    <Filter Include="资源文件">
      <UniqueIdentifier>{67DA6AB6-F800-4c08-8B7A-83BB121AAD01}</UniqueIdentifier>
      <Extensions>rc;ico;cur;bmp;dlg;rc2;rct;bin;rgs;gif;jpg;jpeg;jpe;resx;tiff;tif;png;wav;mfcribbon-ms</Extensions>
    </Filter>
  </ItemGroup>
  <ItemGroup>
    <ClCompile Include="main.cpp">
      <Filter>源文件</Filter>
    </ClCompile>
    <ClCompile Include="..\src\KL3DBaseHandler.cpp">
      <Filter>源文件</Filter>
    </ClCompile>
    <ClCompile Include="..\src\KL3DDesignHandle.cpp">
      <Filter>源文件</Filter>
    </ClCompile>
    <ClCompile Include="..\src\KL3DDesignNode.cpp">
      <Filter>源文件</Filter>
    </ClCompile>
    <ClCompile Include="..\src\KL3DDesignPolygonHandle.cpp">
      <Filter>源文件</Filter>
    </ClCompile>
    <ClCompile Include="..\src\KL3DDesignShape.cpp">
      <Filter>源文件</Filter>
    </ClCompile>
    <ClCompile Include="..\src\KL3DGeospatialExtents.cpp">
      <Filter>源文件</Filter>
    </ClCompile>
    <ClCompile Include="..\src\KL3DLine.cpp">
      <Filter>源文件</Filter>
    </ClCompile>
    <ClCompile Include="..\src\KL3DLineGeode.cpp">
      <Filter>源文件</Filter>
    </ClCompile>
    <ClCompile Include="..\src\KL3DLinesNode.cpp">
      <Filter>源文件</Filter>
    </ClCompile>
    <ClCompile Include="..\src\KL3DMapCache.cpp">
      <Filter>源文件</Filter>
    </ClCompile>
    <ClCompile Include="..\src\KL3DMapManager.cpp">
      <Filter>源文件</Filter>
    </ClCompile>
    <ClCompile Include="..\src\KL3DOPerationActive.cpp">
      <Filter>源文件</Filter>
    </ClCompile>
    <ClCompile Include="..\src\KL3DOperationBase.cpp">
      <Filter>源文件</Filter>
    </ClCompile>
    <ClCompile Include="..\src\KL3DOperationDelete.cpp">
      <Filter>源文件</Filter>
    </ClCompile>
    <ClCompile Include="..\src\KL3DOperationForbid.cpp">
      <Filter>源文件</Filter>
    </ClCompile>
    <ClCompile Include="..\src\KL3DOperationMove.cpp">
      <Filter>源文件</Filter>
    </ClCompile>
    <ClCompile Include="..\src\KL3DOperationSel.cpp">
      <Filter>源文件</Filter>
    </ClCompile>
    <ClCompile Include="..\src\KL3DOperationUnsel.cpp">
      <Filter>源文件</Filter>
    </ClCompile>
    <ClCompile Include="..\src\KL3DPoint.cpp">
      <Filter>源文件</Filter>
    </ClCompile>
    <ClCompile Include="..\src\KL3DPointGeode.cpp">
      <Filter>源文件</Filter>
    </ClCompile>
    <ClCompile Include="..\src\KL3DPointsNode.cpp">
      <Filter>源文件</Filter>
    </ClCompile>
    <ClCompile Include="..\src\KL3DTerrainTileManager.cpp">
      <Filter>源文件</Filter>
    </ClCompile>
    <ClCompile Include="..\src\KL3DTextureManager.cpp">
      <Filter>源文件</Filter>
    </ClCompile>
    <ClCompile Include="KL3DOperationAdd.cpp">
      <Filter>源文件</Filter>
    </ClCompile>
  </ItemGroup>
  <ItemGroup>
    <ClInclude Include="..\include\KL3DBaseHandler.h">
      <Filter>头文件</Filter>
    </ClInclude>
    <ClInclude Include="..\include\KL3DCommonStruct.h">
      <Filter>头文件</Filter>
    </ClInclude>
    <ClInclude Include="..\include\KL3DDesignHandle.h">
      <Filter>头文件</Filter>
    </ClInclude>
    <ClInclude Include="..\include\KL3DDesignNode.h">
      <Filter>头文件</Filter>
    </ClInclude>
    <ClInclude Include="..\include\KL3DDesignPolygonHandle.h">
      <Filter>头文件</Filter>
    </ClInclude>
    <ClInclude Include="..\include\KL3DDesignShape.h">
      <Filter>头文件</Filter>
    </ClInclude>
    <ClInclude Include="..\include\KL3DGeospatialExtents.h">
      <Filter>头文件</Filter>
    </ClInclude>
    <ClInclude Include="..\include\KL3DLine.h">
      <Filter>头文件</Filter>
    </ClInclude>
    <ClInclude Include="..\include\KL3DLineGeode.h">
      <Filter>头文件</Filter>
    </ClInclude>
    <ClInclude Include="..\include\KL3DLinesNode.h">
      <Filter>头文件</Filter>
    </ClInclude>
    <ClInclude Include="..\include\KL3DMapCache.h">
      <Filter>头文件</Filter>
    </ClInclude>
    <ClInclude Include="..\include\KL3DMapManager.h">
      <Filter>头文件</Filter>
    </ClInclude>
    <ClInclude Include="..\include\KL3DOPerationActive.h">
      <Filter>头文件</Filter>
    </ClInclude>
    <ClInclude Include="..\include\KL3DOperationBase.h">
      <Filter>头文件</Filter>
    </ClInclude>
    <ClInclude Include="..\include\KL3DOperationDelete.h">
      <Filter>头文件</Filter>
    </ClInclude>
    <ClInclude Include="..\include\KL3DOperationForbid.h">
      <Filter>头文件</Filter>
    </ClInclude>
    <ClInclude Include="..\include\KL3DOperationMove.h">
      <Filter>头文件</Filter>
    </ClInclude>
    <ClInclude Include="..\include\KL3DOperationSel.h">
      <Filter>头文件</Filter>
    </ClInclude>
    <ClInclude Include="..\include\KL3DOperationUnsel.h">
      <Filter>头文件</Filter>
    </ClInclude>
    <ClInclude Include="..\include\KL3DPoint.h">
      <Filter>头文件</Filter>
    </ClInclude>
    <ClInclude Include="..\include\KL3DPointGeode.h">
      <Filter>头文件</Filter>
    </ClInclude>
    <ClInclude Include="..\include\KL3DPointsNode.h">
      <Filter>头文件</Filter>
    </ClInclude>
    <ClInclude Include="..\include\KL3DTerrainTileManager.h">
      <Filter>头文件</Filter>
    </ClInclude>
    <ClInclude Include="..\include\KL3DTextureManager.h">
      <Filter>头文件</Filter>
    </ClInclude>
    <ClInclude Include="..\include\KL3DOperationAdd.h">
      <Filter>头文件</Filter>
    </ClInclude>
  </ItemGroup>
</Project>